
Microsoft Visual Studio Solution File, Format Version 12.00
# Visual Studio Version 16
VisualStudioVersion = 16.0.31205.134
MinimumVisualStudioVersion = 10.0.40219.1
Project("{FAE04EC0-301F-11D3-BF4B-00C04F79EFBC}") = "GeradorDeContratos", "GeradorDeContratos\GeradorDeContratos.csproj", "{DFEFB22B-EFC6-4A2E-BBB9-249C0C842BD7}"
EndProject
Global
	GlobalSection(SolutionConfigurationPlatforms) = preSolution
		Debug|Any CPU = Debug|Any CPU
		Release|Any CPU = Release|Any CPU
	EndGlobalSection
	GlobalSection(ProjectConfigurationPlatforms) = postSolution
		{DFEFB22B-EFC6-4A2E-BBB9-249C0C842BD7}.Debug|Any CPU.ActiveCfg = Debug|Any CPU
		{DFEFB22B-EFC6-4A2E-BBB9-249C0C842BD7}.Debug|Any CPU.Build.0 = Debug|Any CPU
		{DFEFB22B-EFC6-4A2E-BBB9-249C0C842BD7}.Release|Any CPU.ActiveCfg = Release|Any CPU
		{DFEFB22B-EFC6-4A2E-BBB9-249C0C842BD7}.Release|Any CPU.Build.0 = Release|Any CPU
	EndGlobalSection
	GlobalSection(SolutionProperties) = preSolution
		HideSolutionNode = FALSE
	EndGlobalSection
	GlobalSection(ExtensibilityGlobals) = postSolution
		SolutionGuid = {F38A3686-B168-46FE-B286-CE4743D0A6AE}
	EndGlobalSection
EndGlobal
